
Microsoft Visual Studio Solution File, Format Version 12.00
# Visual Studio Version 16
VisualStudioVersion = 16.0.31105.61
MinimumVisualStudioVersion = 10.0.40219.1
Project("{8BC9CEB8-8B4A-11D0-8D11-00A0C91BC942}") = "新手练习", "新手练习\新手练习.vcxproj", "{529BD425-1435-4FBD-B434-8F3B8372C349}"
EndProject
Global
	GlobalSection(SolutionConfigurationPlatforms) = preSolution
		Debug|x64 = Debug|x64
		Debug|x86 = Debug|x86
		Release|x64 = Release|x64
		Release|x86 = Release|x86
	EndGlobalSection
	GlobalSection(ProjectConfigurationPlatforms) = postSolution
		{529BD425-1435-4FBD-B434-8F3B8372C349}.Debug|x64.ActiveCfg = Debug|x64
		{529BD425-1435-4FBD-B434-8F3B8372C349}.Debug|x64.Build.0 = Debug|x64
		{529BD425-1435-4FBD-B434-8F3B8372C349}.Debug|x86.ActiveCfg = Debug|Win32
		{529BD425-1435-4FBD-B434-8F3B8372C349}.Debug|x86.Build.0 = Debug|Win32
		{529BD425-1435-4FBD-B434-8F3B8372C349}.Release|x64.ActiveCfg = Release|x64
		{529BD425-1435-4FBD-B434-8F3B8372C349}.Release|x64.Build.0 = Release|x64
		{529BD425-1435-4FBD-B434-8F3B8372C349}.Release|x86.ActiveCfg = Release|Win32
		{529BD425-1435-4FBD-B434-8F3B8372C349}.Release|x86.Build.0 = Release|Win32
	EndGlobalSection
	GlobalSection(SolutionProperties) = preSolution
		HideSolutionNode = FALSE
	EndGlobalSection
	GlobalSection(ExtensibilityGlobals) = postSolution
		SolutionGuid = {6B1C0236-00FC-4F99-A90C-950E7A32F361}
	EndGlobalSection
EndGlobal
